
Microsoft Visual Studio Solution File, Format Version 12.00
# Visual Studio 15
VisualStudioVersion = 15.0.28306.52
MinimumVisualStudioVersion = 10.0.40219.1
Project("{FAE04EC0-301F-11D3-BF4B-00C04F79EFBC}") = "WebMovieSearch1", "WebMovieSearch1\WebMovieSearch1.csproj", "{3176A489-2FF3-4523-98BF-A6AC90254243}"
EndProject
Global
	GlobalSection(SolutionConfigurationPlatforms) = preSolution
		Debug|Any CPU = Debug|Any CPU
		Release|Any CPU = Release|Any CPU
	EndGlobalSection
	GlobalSection(ProjectConfigurationPlatforms) = postSolution
		{3176A489-2FF3-4523-98BF-A6AC90254243}.Debug|Any CPU.ActiveCfg = Debug|Any CPU
		{3176A489-2FF3-4523-98BF-A6AC90254243}.Debug|Any CPU.Build.0 = Debug|Any CPU
		{3176A489-2FF3-4523-98BF-A6AC90254243}.Release|Any CPU.ActiveCfg = Release|Any CPU
		{3176A489-2FF3-4523-98BF-A6AC90254243}.Release|Any CPU.Build.0 = Release|Any CPU
	EndGlobalSection
	GlobalSection(SolutionProperties) = preSolution
		HideSolutionNode = FALSE
	EndGlobalSection
	GlobalSection(ExtensibilityGlobals) = postSolution
		SolutionGuid = {5B510001-3842-4578-A80E-74622FD939BB}
	EndGlobalSection
EndGlobal
