
Microsoft Visual Studio Solution File, Format Version 12.00
# Visual Studio 15
VisualStudioVersion = 15.0.28306.52
MinimumVisualStudioVersion = 10.0.40219.1
Project("{FAE04EC0-301F-11D3-BF4B-00C04F79EFBC}") = "NoteStorage", "NoteStorage\NoteStorage.csproj", "{0C1F7DC6-3D17-49B7-BAB8-05508AF8FC25}"
EndProject
Global
	GlobalSection(SolutionConfigurationPlatforms) = preSolution
		Debug|Any CPU = Debug|Any CPU
		Release|Any CPU = Release|Any CPU
	EndGlobalSection
	GlobalSection(ProjectConfigurationPlatforms) = postSolution
		{0C1F7DC6-3D17-49B7-BAB8-05508AF8FC25}.Debug|Any CPU.ActiveCfg = Debug|Any CPU
		{0C1F7DC6-3D17-49B7-BAB8-05508AF8FC25}.Debug|Any CPU.Build.0 = Debug|Any CPU
		{0C1F7DC6-3D17-49B7-BAB8-05508AF8FC25}.Release|Any CPU.ActiveCfg = Release|Any CPU
		{0C1F7DC6-3D17-49B7-BAB8-05508AF8FC25}.Release|Any CPU.Build.0 = Release|Any CPU
	EndGlobalSection
	GlobalSection(SolutionProperties) = preSolution
		HideSolutionNode = FALSE
	EndGlobalSection
	GlobalSection(ExtensibilityGlobals) = postSolution
		SolutionGuid = {DB64BFC4-6F34-47C5-A62C-A290C94CB6EC}
	EndGlobalSection
EndGlobal
